
Microsoft Visual Studio Solution File, Format Version 12.00
# Visual Studio Version 17
VisualStudioVersion = 17.0.31903.59
MinimumVisualStudioVersion = 10.0.40219.1
Project("{9A19103F-16F7-4668-BE54-9A1E7A4F7556}") = "BidProduct.DAL", "BidProduct.DAL\BidProduct.DAL.csproj", "{4BB14440-D8D8-4063-9225-17B0CC6F4A06}"
EndProject
Project("{9A19103F-16F7-4668-BE54-9A1E7A4F7556}") = "BidProduct.DAL.Abstract", "BidProduct.DAL.Abstract\BidProduct.DAL.Abstract.csproj", "{63D17D47-F41A-4CC3-B19A-8AF07DB1BCCF}"
EndProject
Project("{9A19103F-16F7-4668-BE54-9A1E7A4F7556}") = "BidProduct.DAL.Models", "BidProduct.DAL.Models\BidProduct.DAL.Models.csproj", "{5D42636F-B3DC-4734-85CE-04FD15031C55}"
EndProject
Project("{9A19103F-16F7-4668-BE54-9A1E7A4F7556}") = "BidProduct.Common", "BidProduct.Common\BidProduct.Common.csproj", "{D59A4921-7862-42C3-AB17-D1C6AA16DB18}"
EndProject
Project("{9A19103F-16F7-4668-BE54-9A1E7A4F7556}") = "BidProduct.SL", "BidProduct.SL\BidProduct.SL.csproj", "{B01DA13F-20ED-4B69-8C15-A04E35822629}"
EndProject
Project("{9A19103F-16F7-4668-BE54-9A1E7A4F7556}") = "BidProduct.SL.Abstract", "BidPorduct.SL.Abstract\BidProduct.SL.Abstract.csproj", "{E70E6EE6-02EE-415B-8503-DA4BA6AFBBE2}"
EndProject
Project("{9A19103F-16F7-4668-BE54-9A1E7A4F7556}") = "BidProduct.SL.Models", "BidProduct.SL.Models\BidProduct.SL.Models.csproj", "{2A683944-79EF-485B-A78E-084984934E70}"
EndProject
Project("{9A19103F-16F7-4668-BE54-9A1E7A4F7556}") = "BidProduct.API", "BidProduct.API\BidProduct.API.csproj", "{A1581BF3-85DE-4C15-80CF-0730F504F584}"
EndProject
Project("{9A19103F-16F7-4668-BE54-9A1E7A4F7556}") = "BidProduct.UnitTests", "BidProduct.UnitTests\BidProduct.UnitTests.csproj", "{80201CD7-6064-4B7E-9A9F-00E9FB4B4ACC}"
EndProject
Project("{FAE04EC0-301F-11D3-BF4B-00C04F79EFBC}") = "BidProduct.IdentityManagement", "BidProduct.IdentityManagement\BidProduct.IdentityManagement.csproj", "{50A3974A-7713-4FC7-9D8F-D3E0A71A7620}"
EndProject
Global
	GlobalSection(SolutionConfigurationPlatforms) = preSolution
		Debug|Any CPU = Debug|Any CPU
		Release|Any CPU = Release|Any CPU
	EndGlobalSection
	GlobalSection(ProjectConfigurationPlatforms) = postSolution
		{4BB14440-D8D8-4063-9225-17B0CC6F4A06}.Debug|Any CPU.ActiveCfg = Debug|Any CPU
		{4BB14440-D8D8-4063-9225-17B0CC6F4A06}.Debug|Any CPU.Build.0 = Debug|Any CPU
		{4BB14440-D8D8-4063-9225-17B0CC6F4A06}.Release|Any CPU.ActiveCfg = Release|Any CPU
		{4BB14440-D8D8-4063-9225-17B0CC6F4A06}.Release|Any CPU.Build.0 = Release|Any CPU
		{63D17D47-F41A-4CC3-B19A-8AF07DB1BCCF}.Debug|Any CPU.ActiveCfg = Debug|Any CPU
		{63D17D47-F41A-4CC3-B19A-8AF07DB1BCCF}.Debug|Any CPU.Build.0 = Debug|Any CPU
		{63D17D47-F41A-4CC3-B19A-8AF07DB1BCCF}.Release|Any CPU.ActiveCfg = Release|Any CPU
		{63D17D47-F41A-4CC3-B19A-8AF07DB1BCCF}.Release|Any CPU.Build.0 = Release|Any CPU
		{5D42636F-B3DC-4734-85CE-04FD15031C55}.Debug|Any CPU.ActiveCfg = Debug|Any CPU
		{5D42636F-B3DC-4734-85CE-04FD15031C55}.Debug|Any CPU.Build.0 = Debug|Any CPU
		{5D42636F-B3DC-4734-85CE-04FD15031C55}.Release|Any CPU.ActiveCfg = Release|Any CPU
		{5D42636F-B3DC-4734-85CE-04FD15031C55}.Release|Any CPU.Build.0 = Release|Any CPU
		{D59A4921-7862-42C3-AB17-D1C6AA16DB18}.Debug|Any CPU.ActiveCfg = Debug|Any CPU
		{D59A4921-7862-42C3-AB17-D1C6AA16DB18}.Debug|Any CPU.Build.0 = Debug|Any CPU
		{D59A4921-7862-42C3-AB17-D1C6AA16DB18}.Release|Any CPU.ActiveCfg = Release|Any CPU
		{D59A4921-7862-42C3-AB17-D1C6AA16DB18}.Release|Any CPU.Build.0 = Release|Any CPU
		{B01DA13F-20ED-4B69-8C15-A04E35822629}.Debug|Any CPU.ActiveCfg = Debug|Any CPU
		{B01DA13F-20ED-4B69-8C15-A04E35822629}.Debug|Any CPU.Build.0 = Debug|Any CPU
		{B01DA13F-20ED-4B69-8C15-A04E35822629}.Release|Any CPU.ActiveCfg = Release|Any CPU
		{B01DA13F-20ED-4B69-8C15-A04E35822629}.Release|Any CPU.Build.0 = Release|Any CPU
		{E70E6EE6-02EE-415B-8503-DA4BA6AFBBE2}.Debug|Any CPU.ActiveCfg = Debug|Any CPU
		{E70E6EE6-02EE-415B-8503-DA4BA6AFBBE2}.Debug|Any CPU.Build.0 = Debug|Any CPU
		{E70E6EE6-02EE-415B-8503-DA4BA6AFBBE2}.Release|Any CPU.ActiveCfg = Release|Any CPU
		{E70E6EE6-02EE-415B-8503-DA4BA6AFBBE2}.Release|Any CPU.Build.0 = Release|Any CPU
		{2A683944-79EF-485B-A78E-084984934E70}.Debug|Any CPU.ActiveCfg = Debug|Any CPU
		{2A683944-79EF-485B-A78E-084984934E70}.Debug|Any CPU.Build.0 = Debug|Any CPU
		{2A683944-79EF-485B-A78E-084984934E70}.Release|Any CPU.ActiveCfg = Release|Any CPU
		{2A683944-79EF-485B-A78E-084984934E70}.Release|Any CPU.Build.0 = Release|Any CPU
		{A1581BF3-85DE-4C15-80CF-0730F504F584}.Debug|Any CPU.ActiveCfg = Debug|Any CPU
		{A1581BF3-85DE-4C15-80CF-0730F504F584}.Debug|Any CPU.Build.0 = Debug|Any CPU
		{A1581BF3-85DE-4C15-80CF-0730F504F584}.Release|Any CPU.ActiveCfg = Release|Any CPU
		{A1581BF3-85DE-4C15-80CF-0730F504F584}.Release|Any CPU.Build.0 = Release|Any CPU
		{80201CD7-6064-4B7E-9A9F-00E9FB4B4ACC}.Debug|Any CPU.ActiveCfg = Debug|Any CPU
		{80201CD7-6064-4B7E-9A9F-00E9FB4B4ACC}.Debug|Any CPU.Build.0 = Debug|Any CPU
		{80201CD7-6064-4B7E-9A9F-00E9FB4B4ACC}.Release|Any CPU.ActiveCfg = Release|Any CPU
		{80201CD7-6064-4B7E-9A9F-00E9FB4B4ACC}.Release|Any CPU.Build.0 = Release|Any CPU
		{50A3974A-7713-4FC7-9D8F-D3E0A71A7620}.Debug|Any CPU.ActiveCfg = Debug|Any CPU
		{50A3974A-7713-4FC7-9D8F-D3E0A71A7620}.Debug|Any CPU.Build.0 = Debug|Any CPU
		{50A3974A-7713-4FC7-9D8F-D3E0A71A7620}.Release|Any CPU.ActiveCfg = Release|Any CPU
		{50A3974A-7713-4FC7-9D8F-D3E0A71A7620}.Release|Any CPU.Build.0 = Release|Any CPU
	EndGlobalSection
	GlobalSection(SolutionProperties) = preSolution
		HideSolutionNode = FALSE
	EndGlobalSection
	GlobalSection(ExtensibilityGlobals) = postSolution
		SolutionGuid = {8A480AC3-D512-4DFE-AC00-08AFD09C452A}
	EndGlobalSection
EndGlobal
